
Microsoft Visual Studio Solution File, Format Version 12.00
# Visual Studio Version 16
Project("{2150E333-8FDC-42A3-9474-1A3956D46DE8}") = "CMake", "CMake", "{BA88DF61-EF14-3C78-8E8D-3C6EBC02BD57}"
EndProject
Project("{2150E333-8FDC-42A3-9474-1A3956D46DE8}") = "SFML", "SFML", "{E8C7E845-15D1-3E8A-8117-0CC54BEF617C}"
EndProject
Project("{8BC9CEB8-8B4A-11D0-8D11-00A0C91BC942}") = "ALL_BUILD", "ALL_BUILD.vcxproj", "{A4984A99-EEA9-3804-AF43-A0A8A8C15C06}"
	ProjectSection(ProjectDependencies) = postProject
		{8DD21029-5CE5-3AA5-BE13-DF70EB75D311} = {8DD21029-5CE5-3AA5-BE13-DF70EB75D311}
		{58D548AD-B8A2-3802-8F67-8C9355B9F4A3} = {58D548AD-B8A2-3802-8F67-8C9355B9F4A3}
		{0DC55F67-7622-3A35-BEA5-50EA4C7EC797} = {0DC55F67-7622-3A35-BEA5-50EA4C7EC797}
		{444DEA2A-6016-3514-97D2-E02914781047} = {444DEA2A-6016-3514-97D2-E02914781047}
		{8F06E9BF-F3D3-3531-943E-D820F05B68F7} = {8F06E9BF-F3D3-3531-943E-D820F05B68F7}
		{EBA80E30-B5D6-3A70-9803-C11C891ABC73} = {EBA80E30-B5D6-3A70-9803-C11C891ABC73}
		{B3BD7278-321C-35C2-9181-349126348C4E} = {B3BD7278-321C-35C2-9181-349126348C4E}
	EndProjectSection
EndProject
Project("{8BC9CEB8-8B4A-11D0-8D11-00A0C91BC942}") = "INSTALL", "INSTALL.vcxproj", "{7B7C0A26-8D6A-37C1-84ED-A8249F8AA67B}"
	ProjectSection(ProjectDependencies) = postProject
		{A4984A99-EEA9-3804-AF43-A0A8A8C15C06} = {A4984A99-EEA9-3804-AF43-A0A8A8C15C06}
		{8DD21029-5CE5-3AA5-BE13-DF70EB75D311} = {8DD21029-5CE5-3AA5-BE13-DF70EB75D311}
	EndProjectSection
EndProject
Project("{8BC9CEB8-8B4A-11D0-8D11-00A0C91BC942}") = "ZERO_CHECK", "..\..\\ZERO_CHECK.vcxproj", "{8DD21029-5CE5-3AA5-BE13-DF70EB75D311}"
	ProjectSection(ProjectDependencies) = postProject
	EndProjectSection
EndProject
Project("{8BC9CEB8-8B4A-11D0-8D11-00A0C91BC942}") = "sfml-audio", "src\SFML\Audio\sfml-audio.vcxproj", "{58D548AD-B8A2-3802-8F67-8C9355B9F4A3}"
	ProjectSection(ProjectDependencies) = postProject
		{8DD21029-5CE5-3AA5-BE13-DF70EB75D311} = {8DD21029-5CE5-3AA5-BE13-DF70EB75D311}
		{EBA80E30-B5D6-3A70-9803-C11C891ABC73} = {EBA80E30-B5D6-3A70-9803-C11C891ABC73}
	EndProjectSection
EndProject
Project("{8BC9CEB8-8B4A-11D0-8D11-00A0C91BC942}") = "sfml-graphics", "src\SFML\Graphics\sfml-graphics.vcxproj", "{0DC55F67-7622-3A35-BEA5-50EA4C7EC797}"
	ProjectSection(ProjectDependencies) = postProject
		{8DD21029-5CE5-3AA5-BE13-DF70EB75D311} = {8DD21029-5CE5-3AA5-BE13-DF70EB75D311}
		{EBA80E30-B5D6-3A70-9803-C11C891ABC73} = {EBA80E30-B5D6-3A70-9803-C11C891ABC73}
		{B3BD7278-321C-35C2-9181-349126348C4E} = {B3BD7278-321C-35C2-9181-349126348C4E}
	EndProjectSection
EndProject
Project("{8BC9CEB8-8B4A-11D0-8D11-00A0C91BC942}") = "sfml-main", "src\SFML\Main\sfml-main.vcxproj", "{444DEA2A-6016-3514-97D2-E02914781047}"
	ProjectSection(ProjectDependencies) = postProject
		{8DD21029-5CE5-3AA5-BE13-DF70EB75D311} = {8DD21029-5CE5-3AA5-BE13-DF70EB75D311}
	EndProjectSection
EndProject
Project("{8BC9CEB8-8B4A-11D0-8D11-00A0C91BC942}") = "sfml-network", "src\SFML\Network\sfml-network.vcxproj", "{8F06E9BF-F3D3-3531-943E-D820F05B68F7}"
	ProjectSection(ProjectDependencies) = postProject
		{8DD21029-5CE5-3AA5-BE13-DF70EB75D311} = {8DD21029-5CE5-3AA5-BE13-DF70EB75D311}
		{EBA80E30-B5D6-3A70-9803-C11C891ABC73} = {EBA80E30-B5D6-3A70-9803-C11C891ABC73}
	EndProjectSection
EndProject
Project("{8BC9CEB8-8B4A-11D0-8D11-00A0C91BC942}") = "sfml-system", "src\SFML\System\sfml-system.vcxproj", "{EBA80E30-B5D6-3A70-9803-C11C891ABC73}"
	ProjectSection(ProjectDependencies) = postProject
		{8DD21029-5CE5-3AA5-BE13-DF70EB75D311} = {8DD21029-5CE5-3AA5-BE13-DF70EB75D311}
	EndProjectSection
EndProject
Project("{8BC9CEB8-8B4A-11D0-8D11-00A0C91BC942}") = "sfml-window", "src\SFML\Window\sfml-window.vcxproj", "{B3BD7278-321C-35C2-9181-349126348C4E}"
	ProjectSection(ProjectDependencies) = postProject
		{8DD21029-5CE5-3AA5-BE13-DF70EB75D311} = {8DD21029-5CE5-3AA5-BE13-DF70EB75D311}
		{EBA80E30-B5D6-3A70-9803-C11C891ABC73} = {EBA80E30-B5D6-3A70-9803-C11C891ABC73}
	EndProjectSection
EndProject
Global
	GlobalSection(SolutionConfigurationPlatforms) = preSolution
		Debug|x64 = Debug|x64
		Release|x64 = Release|x64
		MinSizeRel|x64 = MinSizeRel|x64
		RelWithDebInfo|x64 = RelWithDebInfo|x64
	EndGlobalSection
	GlobalSection(ProjectConfigurationPlatforms) = postSolution
		{A4984A99-EEA9-3804-AF43-A0A8A8C15C06}.Debug|x64.ActiveCfg = Debug|x64
		{A4984A99-EEA9-3804-AF43-A0A8A8C15C06}.Debug|x64.Build.0 = Debug|x64
		{A4984A99-EEA9-3804-AF43-A0A8A8C15C06}.Release|x64.ActiveCfg = Release|x64
		{A4984A99-EEA9-3804-AF43-A0A8A8C15C06}.Release|x64.Build.0 = Release|x64
		{A4984A99-EEA9-3804-AF43-A0A8A8C15C06}.MinSizeRel|x64.ActiveCfg = MinSizeRel|x64
		{A4984A99-EEA9-3804-AF43-A0A8A8C15C06}.MinSizeRel|x64.Build.0 = MinSizeRel|x64
		{A4984A99-EEA9-3804-AF43-A0A8A8C15C06}.RelWithDebInfo|x64.ActiveCfg = RelWithDebInfo|x64
		{A4984A99-EEA9-3804-AF43-A0A8A8C15C06}.RelWithDebInfo|x64.Build.0 = RelWithDebInfo|x64
		{7B7C0A26-8D6A-37C1-84ED-A8249F8AA67B}.Debug|x64.ActiveCfg = Debug|x64
		{7B7C0A26-8D6A-37C1-84ED-A8249F8AA67B}.Release|x64.ActiveCfg = Release|x64
		{7B7C0A26-8D6A-37C1-84ED-A8249F8AA67B}.MinSizeRel|x64.ActiveCfg = MinSizeRel|x64
		{7B7C0A26-8D6A-37C1-84ED-A8249F8AA67B}.RelWithDebInfo|x64.ActiveCfg = RelWithDebInfo|x64
		{8DD21029-5CE5-3AA5-BE13-DF70EB75D311}.Debug|x64.ActiveCfg = Debug|x64
		{8DD21029-5CE5-3AA5-BE13-DF70EB75D311}.Debug|x64.Build.0 = Debug|x64
		{8DD21029-5CE5-3AA5-BE13-DF70EB75D311}.Release|x64.ActiveCfg = Release|x64
		{8DD21029-5CE5-3AA5-BE13-DF70EB75D311}.Release|x64.Build.0 = Release|x64
		{8DD21029-5CE5-3AA5-BE13-DF70EB75D311}.MinSizeRel|x64.ActiveCfg = MinSizeRel|x64
		{8DD21029-5CE5-3AA5-BE13-DF70EB75D311}.MinSizeRel|x64.Build.0 = MinSizeRel|x64
		{8DD21029-5CE5-3AA5-BE13-DF70EB75D311}.RelWithDebInfo|x64.ActiveCfg = RelWithDebInfo|x64
		{8DD21029-5CE5-3AA5-BE13-DF70EB75D311}.RelWithDebInfo|x64.Build.0 = RelWithDebInfo|x64
		{58D548AD-B8A2-3802-8F67-8C9355B9F4A3}.Debug|x64.ActiveCfg = Debug|x64
		{58D548AD-B8A2-3802-8F67-8C9355B9F4A3}.Debug|x64.Build.0 = Debug|x64
		{58D548AD-B8A2-3802-8F67-8C9355B9F4A3}.Release|x64.ActiveCfg = Release|x64
		{58D548AD-B8A2-3802-8F67-8C9355B9F4A3}.Release|x64.Build.0 = Release|x64
		{58D548AD-B8A2-3802-8F67-8C9355B9F4A3}.MinSizeRel|x64.ActiveCfg = MinSizeRel|x64
		{58D548AD-B8A2-3802-8F67-8C9355B9F4A3}.MinSizeRel|x64.Build.0 = MinSizeRel|x64
		{58D548AD-B8A2-3802-8F67-8C9355B9F4A3}.RelWithDebInfo|x64.ActiveCfg = RelWithDebInfo|x64
		{58D548AD-B8A2-3802-8F67-8C9355B9F4A3}.RelWithDebInfo|x64.Build.0 = RelWithDebInfo|x64
		{0DC55F67-7622-3A35-BEA5-50EA4C7EC797}.Debug|x64.ActiveCfg = Debug|x64
		{0DC55F67-7622-3A35-BEA5-50EA4C7EC797}.Debug|x64.Build.0 = Debug|x64
		{0DC55F67-7622-3A35-BEA5-50EA4C7EC797}.Release|x64.ActiveCfg = Release|x64
		{0DC55F67-7622-3A35-BEA5-50EA4C7EC797}.Release|x64.Build.0 = Release|x64
		{0DC55F67-7622-3A35-BEA5-50EA4C7EC797}.MinSizeRel|x64.ActiveCfg = MinSizeRel|x64
		{0DC55F67-7622-3A35-BEA5-50EA4C7EC797}.MinSizeRel|x64.Build.0 = MinSizeRel|x64
		{0DC55F67-7622-3A35-BEA5-50EA4C7EC797}.RelWithDebInfo|x64.ActiveCfg = RelWithDebInfo|x64
		{0DC55F67-7622-3A35-BEA5-50EA4C7EC797}.RelWithDebInfo|x64.Build.0 = RelWithDebInfo|x64
		{444DEA2A-6016-3514-97D2-E02914781047}.Debug|x64.ActiveCfg = Debug|x64
		{444DEA2A-6016-3514-97D2-E02914781047}.Debug|x64.Build.0 = Debug|x64
		{444DEA2A-6016-3514-97D2-E02914781047}.Release|x64.ActiveCfg = Release|x64
		{444DEA2A-6016-3514-97D2-E02914781047}.Release|x64.Build.0 = Release|x64
		{444DEA2A-6016-3514-97D2-E02914781047}.MinSizeRel|x64.ActiveCfg = MinSizeRel|x64
		{444DEA2A-6016-3514-97D2-E02914781047}.MinSizeRel|x64.Build.0 = MinSizeRel|x64
		{444DEA2A-6016-3514-97D2-E02914781047}.RelWithDebInfo|x64.ActiveCfg = RelWithDebInfo|x64
		{444DEA2A-6016-3514-97D2-E02914781047}.RelWithDebInfo|x64.Build.0 = RelWithDebInfo|x64
		{8F06E9BF-F3D3-3531-943E-D820F05B68F7}.Debug|x64.ActiveCfg = Debug|x64
		{8F06E9BF-F3D3-3531-943E-D820F05B68F7}.Debug|x64.Build.0 = Debug|x64
		{8F06E9BF-F3D3-3531-943E-D820F05B68F7}.Release|x64.ActiveCfg = Release|x64
		{8F06E9BF-F3D3-3531-943E-D820F05B68F7}.Release|x64.Build.0 = Release|x64
		{8F06E9BF-F3D3-3531-943E-D820F05B68F7}.MinSizeRel|x64.ActiveCfg = MinSizeRel|x64
		{8F06E9BF-F3D3-3531-943E-D820F05B68F7}.MinSizeRel|x64.Build.0 = MinSizeRel|x64
		{8F06E9BF-F3D3-3531-943E-D820F05B68F7}.RelWithDebInfo|x64.ActiveCfg = RelWithDebInfo|x64
		{8F06E9BF-F3D3-3531-943E-D820F05B68F7}.RelWithDebInfo|x64.Build.0 = RelWithDebInfo|x64
		{EBA80E30-B5D6-3A70-9803-C11C891ABC73}.Debug|x64.ActiveCfg = Debug|x64
		{EBA80E30-B5D6-3A70-9803-C11C891ABC73}.Debug|x64.Build.0 = Debug|x64
		{EBA80E30-B5D6-3A70-9803-C11C891ABC73}.Release|x64.ActiveCfg = Release|x64
		{EBA80E30-B5D6-3A70-9803-C11C891ABC73}.Release|x64.Build.0 = Release|x64
		{EBA80E30-B5D6-3A70-9803-C11C891ABC73}.MinSizeRel|x64.ActiveCfg = MinSizeRel|x64
		{EBA80E30-B5D6-3A70-9803-C11C891ABC73}.MinSizeRel|x64.Build.0 = MinSizeRel|x64
		{EBA80E30-B5D6-3A70-9803-C11C891ABC73}.RelWithDebInfo|x64.ActiveCfg = RelWithDebInfo|x64
		{EBA80E30-B5D6-3A70-9803-C11C891ABC73}.RelWithDebInfo|x64.Build.0 = RelWithDebInfo|x64
		{B3BD7278-321C-35C2-9181-349126348C4E}.Debug|x64.ActiveCfg = Debug|x64
		{B3BD7278-321C-35C2-9181-349126348C4E}.Debug|x64.Build.0 = Debug|x64
		{B3BD7278-321C-35C2-9181-349126348C4E}.Release|x64.ActiveCfg = Release|x64
		{B3BD7278-321C-35C2-9181-349126348C4E}.Release|x64.Build.0 = Release|x64
		{B3BD7278-321C-35C2-9181-349126348C4E}.MinSizeRel|x64.ActiveCfg = MinSizeRel|x64
		{B3BD7278-321C-35C2-9181-349126348C4E}.MinSizeRel|x64.Build.0 = MinSizeRel|x64
		{B3BD7278-321C-35C2-9181-349126348C4E}.RelWithDebInfo|x64.ActiveCfg = RelWithDebInfo|x64
		{B3BD7278-321C-35C2-9181-349126348C4E}.RelWithDebInfo|x64.Build.0 = RelWithDebInfo|x64
	EndGlobalSection
	GlobalSection(NestedProjects) = preSolution
		{A4984A99-EEA9-3804-AF43-A0A8A8C15C06} = {BA88DF61-EF14-3C78-8E8D-3C6EBC02BD57}
		{7B7C0A26-8D6A-37C1-84ED-A8249F8AA67B} = {BA88DF61-EF14-3C78-8E8D-3C6EBC02BD57}
		{8DD21029-5CE5-3AA5-BE13-DF70EB75D311} = {BA88DF61-EF14-3C78-8E8D-3C6EBC02BD57}
		{58D548AD-B8A2-3802-8F67-8C9355B9F4A3} = {E8C7E845-15D1-3E8A-8117-0CC54BEF617C}
		{0DC55F67-7622-3A35-BEA5-50EA4C7EC797} = {E8C7E845-15D1-3E8A-8117-0CC54BEF617C}
		{444DEA2A-6016-3514-97D2-E02914781047} = {E8C7E845-15D1-3E8A-8117-0CC54BEF617C}
		{8F06E9BF-F3D3-3531-943E-D820F05B68F7} = {E8C7E845-15D1-3E8A-8117-0CC54BEF617C}
		{EBA80E30-B5D6-3A70-9803-C11C891ABC73} = {E8C7E845-15D1-3E8A-8117-0CC54BEF617C}
		{B3BD7278-321C-35C2-9181-349126348C4E} = {E8C7E845-15D1-3E8A-8117-0CC54BEF617C}
	EndGlobalSection
	GlobalSection(ExtensibilityGlobals) = postSolution
		SolutionGuid = {8D3D20BF-FCCD-3A9E-AAF2-B7EA6AA7D855}
	EndGlobalSection
	GlobalSection(ExtensibilityAddIns) = postSolution
	EndGlobalSection
EndGlobal
