<?xml version="1.0" encoding="utf-8"?>
<Project ToolsVersion="16.0" xmlns="http://schemas.microsoft.com/developer/msbuild/2003">
  <ItemGroup>
    <CustomBuild Include="C:\Users\conta\Desktop\spaceInvaders\spaceInavders_build\CMakeFiles\bb73fb31131341ced950f76331f3bfae\INSTALL_force.rule">
      <Filter>CMake Rules</Filter>
    </CustomBuild>
  </ItemGroup>
  <ItemGroup>
    <Filter Include="CMake Rules">
      <UniqueIdentifier>{775E58EA-664F-3FBC-880B-8FFC899DC0ED}</UniqueIdentifier>
    </Filter>
  </ItemGroup>
</Project>
